
Microsoft Visual Studio Solution File, Format Version 11.00
# Visual Studio 2010
Project("{FAE04EC0-301F-11D3-BF4B-00C04F79EFBC}") = "Assembly-CSharp", "Assembly-CSharp.csproj", "{f1ebc2e4-1d7b-a86b-a878-acf00d8cb266}"
EndProject
Project("{FAE04EC0-301F-11D3-BF4B-00C04F79EFBC}") = "Assembly-CSharp-Editor", "Assembly-CSharp-Editor.csproj", "{2fc6677c-4d08-a640-9be4-0bdecd4f602e}"
EndProject
Global
	GlobalSection(SolutionConfigurationPlatforms) = preSolution
		Debug|Any CPU = Debug|Any CPU
	EndGlobalSection
	GlobalSection(ProjectConfigurationPlatforms) = postSolution
		{f1ebc2e4-1d7b-a86b-a878-acf00d8cb266}.Debug|Any CPU.ActiveCfg = Debug|Any CPU
		{f1ebc2e4-1d7b-a86b-a878-acf00d8cb266}.Debug|Any CPU.Build.0 = Debug|Any CPU
		{2fc6677c-4d08-a640-9be4-0bdecd4f602e}.Debug|Any CPU.ActiveCfg = Debug|Any CPU
		{2fc6677c-4d08-a640-9be4-0bdecd4f602e}.Debug|Any CPU.Build.0 = Debug|Any CPU
	EndGlobalSection
	GlobalSection(SolutionProperties) = preSolution
		HideSolutionNode = FALSE
	EndGlobalSection
EndGlobal
