
Microsoft Visual Studio Solution File, Format Version 12.00
# Visual Studio 15
Project("{FAE04EC0-301F-11D3-BF4B-00C04F79EFBC}") = "Oculus.Platform", "Oculus.Platform.csproj", "{338ADD20-BE06-7670-107C-1031B89F018B}"
EndProject
Project("{FAE04EC0-301F-11D3-BF4B-00C04F79EFBC}") = "Assembly-CSharp", "Assembly-CSharp.csproj", "{E4C2EBF1-7B1D-6BA8-A878-ACF00D8CB266}"
EndProject
Project("{FAE04EC0-301F-11D3-BF4B-00C04F79EFBC}") = "Oculus.Interaction", "Oculus.Interaction.csproj", "{27DED605-EE64-276D-EE6C-B2EC3377D0E7}"
EndProject
Project("{FAE04EC0-301F-11D3-BF4B-00C04F79EFBC}") = "Oculus.VR", "Oculus.VR.csproj", "{065D6277-2CB8-7542-A045-E4D91ECC2A8F}"
EndProject
Project("{FAE04EC0-301F-11D3-BF4B-00C04F79EFBC}") = "VoiceSDK.Dictation.Runtime", "VoiceSDK.Dictation.Runtime.csproj", "{1A8BD840-847D-B756-95BB-FCBCB55FE6A7}"
EndProject
Project("{FAE04EC0-301F-11D3-BF4B-00C04F79EFBC}") = "VoiceSDK.Runtime", "VoiceSDK.Runtime.csproj", "{909055DC-C7DE-CF91-8FC7-932103218669}"
EndProject
Project("{FAE04EC0-301F-11D3-BF4B-00C04F79EFBC}") = "Facebook.WitAI", "Facebook.WitAI.csproj", "{42ED6C51-4A98-7F1F-0A92-B445B37E253B}"
EndProject
Project("{FAE04EC0-301F-11D3-BF4B-00C04F79EFBC}") = "Oculus.Interaction.Samples", "Oculus.Interaction.Samples.csproj", "{31164840-EBAB-0797-8C14-B7DCC703AE8E}"
EndProject
Project("{FAE04EC0-301F-11D3-BF4B-00C04F79EFBC}") = "Oculus.Voice.Demo", "Oculus.Voice.Demo.csproj", "{283BB4B7-6078-1B1E-7A08-C39C0F635D76}"
EndProject
Project("{FAE04EC0-301F-11D3-BF4B-00C04F79EFBC}") = "AssistantCoreSDKRuntime", "AssistantCoreSDKRuntime.csproj", "{B5686446-C27F-289D-40B6-67CF3D1360F5}"
EndProject
Project("{FAE04EC0-301F-11D3-BF4B-00C04F79EFBC}") = "LitJson", "LitJson.csproj", "{928A4884-C7D9-F1A2-ADC6-4699C77B8E81}"
EndProject
Project("{FAE04EC0-301F-11D3-BF4B-00C04F79EFBC}") = "Oculus.AudioManager", "Oculus.AudioManager.csproj", "{3255F10B-D7D2-344B-0CE3-4E43D93395A8}"
EndProject
Project("{FAE04EC0-301F-11D3-BF4B-00C04F79EFBC}") = "Oculus.LipSync", "Oculus.LipSync.csproj", "{D15E2484-D215-FB52-4D89-C01D479F742B}"
EndProject
Project("{FAE04EC0-301F-11D3-BF4B-00C04F79EFBC}") = "Oculus.Spatializer", "Oculus.Spatializer.csproj", "{85880F5D-1F63-D289-298E-3912DC33F339}"
EndProject
Project("{FAE04EC0-301F-11D3-BF4B-00C04F79EFBC}") = "Facebook.Wit.Conduit", "Facebook.Wit.Conduit.csproj", "{F3873207-16ED-C037-79B7-AE5B38E5B2E0}"
EndProject
Project("{FAE04EC0-301F-11D3-BF4B-00C04F79EFBC}") = "Facebook.Wit.Dictation", "Facebook.Wit.Dictation.csproj", "{1ACCCCE2-1FFB-38E6-742A-2C30B5970DAE}"
EndProject
Project("{FAE04EC0-301F-11D3-BF4B-00C04F79EFBC}") = "Facebook.Wit.TTS", "Facebook.Wit.TTS.csproj", "{6E955F98-B6CA-E8CC-965E-6875626D0834}"
EndProject
Project("{FAE04EC0-301F-11D3-BF4B-00C04F79EFBC}") = "Facebook.Wit.TTS.Samples", "Facebook.Wit.TTS.Samples.csproj", "{BEAA3129-4807-9D2B-6092-8A8DF35A404D}"
EndProject
Project("{FAE04EC0-301F-11D3-BF4B-00C04F79EFBC}") = "Facebook.Wit.Editor", "Facebook.Wit.Editor.csproj", "{AA992BD7-8A2D-122B-C286-3E93085BB75C}"
EndProject
Project("{FAE04EC0-301F-11D3-BF4B-00C04F79EFBC}") = "Facebook.Wit.Conduit.Editor", "Facebook.Wit.Conduit.Editor.csproj", "{098965C3-6651-1AA9-B571-81B6FA6A4C06}"
EndProject
Project("{FAE04EC0-301F-11D3-BF4B-00C04F79EFBC}") = "Oculus.Interaction.Editor", "Oculus.Interaction.Editor.csproj", "{A0EDA0C1-B28A-A155-6C08-E385A005EE48}"
EndProject
Project("{FAE04EC0-301F-11D3-BF4B-00C04F79EFBC}") = "Assembly-CSharp-Editor", "Assembly-CSharp-Editor.csproj", "{7C67C62F-084D-40A6-9BE4-0BDECD4F602E}"
EndProject
Project("{FAE04EC0-301F-11D3-BF4B-00C04F79EFBC}") = "Facebook.Wit.TTS.Editor", "Facebook.Wit.TTS.Editor.csproj", "{AB1C27DF-EBCF-AB20-D74B-8D5B9BF68744}"
EndProject
Project("{FAE04EC0-301F-11D3-BF4B-00C04F79EFBC}") = "VoiceSDK.Dictation.Editor", "VoiceSDK.Dictation.Editor.csproj", "{0A0ECF73-6E16-1EF6-37B7-60029354EF40}"
EndProject
Project("{FAE04EC0-301F-11D3-BF4B-00C04F79EFBC}") = "Oculus.Platform.Editor", "Oculus.Platform.Editor.csproj", "{B9A4C70B-B4D4-4314-7463-52EF53F4F4EA}"
EndProject
Project("{FAE04EC0-301F-11D3-BF4B-00C04F79EFBC}") = "VoiceSDK.Editor", "VoiceSDK.Editor.csproj", "{5A83CABB-C986-B769-CD68-59DA90188B56}"
EndProject
Project("{FAE04EC0-301F-11D3-BF4B-00C04F79EFBC}") = "Oculus.AudioManager.Audio.Editor", "Oculus.AudioManager.Audio.Editor.csproj", "{467772A2-6C24-5183-9102-5DD300058776}"
EndProject
Project("{FAE04EC0-301F-11D3-BF4B-00C04F79EFBC}") = "Oculus.VR.Scripts.Editor", "Oculus.VR.Scripts.Editor.csproj", "{7D64B57D-C73A-8F6A-EDE2-EA510E9BEE73}"
EndProject
Project("{FAE04EC0-301F-11D3-BF4B-00C04F79EFBC}") = "Oculus.VR.Editor", "Oculus.VR.Editor.csproj", "{C1F35EB8-BF06-1A38-8808-26571BBF1681}"
EndProject
Project("{FAE04EC0-301F-11D3-BF4B-00C04F79EFBC}") = "Oculus.Spatializer.Editor", "Oculus.Spatializer.Editor.csproj", "{767D3D17-794F-A9CD-3304-080FF0B34EC5}"
EndProject
Project("{FAE04EC0-301F-11D3-BF4B-00C04F79EFBC}") = "Oculus.LipSync.Editor", "Oculus.LipSync.Editor.csproj", "{7C8CEDAA-31B6-8B5B-1393-3289D9E24F9D}"
EndProject
Project("{FAE04EC0-301F-11D3-BF4B-00C04F79EFBC}") = "Oculus.AudioManager.Utils.Editor", "Oculus.AudioManager.Utils.Editor.csproj", "{C60FA5AB-9EFF-A106-9FB7-2C6AF37E5FC1}"
EndProject
Project("{FAE04EC0-301F-11D3-BF4B-00C04F79EFBC}") = "Oculus.Interaction.Samples.Editor", "Oculus.Interaction.Samples.Editor.csproj", "{9377DAA9-8CFD-CA0F-0DDC-FC5E28F10C6A}"
EndProject
Project("{FAE04EC0-301F-11D3-BF4B-00C04F79EFBC}") = "Facebook.Wit.Dictation.Editor", "Facebook.Wit.Dictation.Editor.csproj", "{8B4A5498-83EC-978E-466D-BDCC27B1A76F}"
EndProject
Project("{FAE04EC0-301F-11D3-BF4B-00C04F79EFBC}") = "Oculus.Interaction.InterfaceSupport", "Oculus.Interaction.InterfaceSupport.csproj", "{DC453071-DB6A-166A-FB1C-5016FA1E096B}"
EndProject
Project("{FAE04EC0-301F-11D3-BF4B-00C04F79EFBC}") = "AssistantCoreSDKEditor", "AssistantCoreSDKEditor.csproj", "{2D8B121B-DDF6-9D9B-C92A-B1DB2430329B}"
EndProject
Global
	GlobalSection(SolutionConfigurationPlatforms) = preSolution
		Debug|Any CPU = Debug|Any CPU
		Release|Any CPU = Release|Any CPU
	EndGlobalSection
	GlobalSection(ProjectConfigurationPlatforms) = postSolution
		{338ADD20-BE06-7670-107C-1031B89F018B}.Debug|Any CPU.ActiveCfg = Debug|Any CPU
		{338ADD20-BE06-7670-107C-1031B89F018B}.Debug|Any CPU.Build.0 = Debug|Any CPU
		{338ADD20-BE06-7670-107C-1031B89F018B}.Release|Any CPU.ActiveCfg = Release|Any CPU
		{338ADD20-BE06-7670-107C-1031B89F018B}.Release|Any CPU.Build.0 = Release|Any CPU
		{E4C2EBF1-7B1D-6BA8-A878-ACF00D8CB266}.Debug|Any CPU.ActiveCfg = Debug|Any CPU
		{E4C2EBF1-7B1D-6BA8-A878-ACF00D8CB266}.Debug|Any CPU.Build.0 = Debug|Any CPU
		{E4C2EBF1-7B1D-6BA8-A878-ACF00D8CB266}.Release|Any CPU.ActiveCfg = Release|Any CPU
		{E4C2EBF1-7B1D-6BA8-A878-ACF00D8CB266}.Release|Any CPU.Build.0 = Release|Any CPU
		{27DED605-EE64-276D-EE6C-B2EC3377D0E7}.Debug|Any CPU.ActiveCfg = Debug|Any CPU
		{27DED605-EE64-276D-EE6C-B2EC3377D0E7}.Debug|Any CPU.Build.0 = Debug|Any CPU
		{27DED605-EE64-276D-EE6C-B2EC3377D0E7}.Release|Any CPU.ActiveCfg = Release|Any CPU
		{27DED605-EE64-276D-EE6C-B2EC3377D0E7}.Release|Any CPU.Build.0 = Release|Any CPU
		{065D6277-2CB8-7542-A045-E4D91ECC2A8F}.Debug|Any CPU.ActiveCfg = Debug|Any CPU
		{065D6277-2CB8-7542-A045-E4D91ECC2A8F}.Debug|Any CPU.Build.0 = Debug|Any CPU
		{065D6277-2CB8-7542-A045-E4D91ECC2A8F}.Release|Any CPU.ActiveCfg = Release|Any CPU
		{065D6277-2CB8-7542-A045-E4D91ECC2A8F}.Release|Any CPU.Build.0 = Release|Any CPU
		{1A8BD840-847D-B756-95BB-FCBCB55FE6A7}.Debug|Any CPU.ActiveCfg = Debug|Any CPU
		{1A8BD840-847D-B756-95BB-FCBCB55FE6A7}.Debug|Any CPU.Build.0 = Debug|Any CPU
		{1A8BD840-847D-B756-95BB-FCBCB55FE6A7}.Release|Any CPU.ActiveCfg = Release|Any CPU
		{1A8BD840-847D-B756-95BB-FCBCB55FE6A7}.Release|Any CPU.Build.0 = Release|Any CPU
		{909055DC-C7DE-CF91-8FC7-932103218669}.Debug|Any CPU.ActiveCfg = Debug|Any CPU
		{909055DC-C7DE-CF91-8FC7-932103218669}.Debug|Any CPU.Build.0 = Debug|Any CPU
		{909055DC-C7DE-CF91-8FC7-932103218669}.Release|Any CPU.ActiveCfg = Release|Any CPU
		{909055DC-C7DE-CF91-8FC7-932103218669}.Release|Any CPU.Build.0 = Release|Any CPU
		{42ED6C51-4A98-7F1F-0A92-B445B37E253B}.Debug|Any CPU.ActiveCfg = Debug|Any CPU
		{42ED6C51-4A98-7F1F-0A92-B445B37E253B}.Debug|Any CPU.Build.0 = Debug|Any CPU
		{42ED6C51-4A98-7F1F-0A92-B445B37E253B}.Release|Any CPU.ActiveCfg = Release|Any CPU
		{42ED6C51-4A98-7F1F-0A92-B445B37E253B}.Release|Any CPU.Build.0 = Release|Any CPU
		{31164840-EBAB-0797-8C14-B7DCC703AE8E}.Debug|Any CPU.ActiveCfg = Debug|Any CPU
		{31164840-EBAB-0797-8C14-B7DCC703AE8E}.Debug|Any CPU.Build.0 = Debug|Any CPU
		{31164840-EBAB-0797-8C14-B7DCC703AE8E}.Release|Any CPU.ActiveCfg = Release|Any CPU
		{31164840-EBAB-0797-8C14-B7DCC703AE8E}.Release|Any CPU.Build.0 = Release|Any CPU
		{283BB4B7-6078-1B1E-7A08-C39C0F635D76}.Debug|Any CPU.ActiveCfg = Debug|Any CPU
		{283BB4B7-6078-1B1E-7A08-C39C0F635D76}.Debug|Any CPU.Build.0 = Debug|Any CPU
		{283BB4B7-6078-1B1E-7A08-C39C0F635D76}.Release|Any CPU.ActiveCfg = Release|Any CPU
		{283BB4B7-6078-1B1E-7A08-C39C0F635D76}.Release|Any CPU.Build.0 = Release|Any CPU
		{B5686446-C27F-289D-40B6-67CF3D1360F5}.Debug|Any CPU.ActiveCfg = Debug|Any CPU
		{B5686446-C27F-289D-40B6-67CF3D1360F5}.Debug|Any CPU.Build.0 = Debug|Any CPU
		{B5686446-C27F-289D-40B6-67CF3D1360F5}.Release|Any CPU.ActiveCfg = Release|Any CPU
		{B5686446-C27F-289D-40B6-67CF3D1360F5}.Release|Any CPU.Build.0 = Release|Any CPU
		{928A4884-C7D9-F1A2-ADC6-4699C77B8E81}.Debug|Any CPU.ActiveCfg = Debug|Any CPU
		{928A4884-C7D9-F1A2-ADC6-4699C77B8E81}.Debug|Any CPU.Build.0 = Debug|Any CPU
		{928A4884-C7D9-F1A2-ADC6-4699C77B8E81}.Release|Any CPU.ActiveCfg = Release|Any CPU
		{928A4884-C7D9-F1A2-ADC6-4699C77B8E81}.Release|Any CPU.Build.0 = Release|Any CPU
		{3255F10B-D7D2-344B-0CE3-4E43D93395A8}.Debug|Any CPU.ActiveCfg = Debug|Any CPU
		{3255F10B-D7D2-344B-0CE3-4E43D93395A8}.Debug|Any CPU.Build.0 = Debug|Any CPU
		{3255F10B-D7D2-344B-0CE3-4E43D93395A8}.Release|Any CPU.ActiveCfg = Release|Any CPU
		{3255F10B-D7D2-344B-0CE3-4E43D93395A8}.Release|Any CPU.Build.0 = Release|Any CPU
		{D15E2484-D215-FB52-4D89-C01D479F742B}.Debug|Any CPU.ActiveCfg = Debug|Any CPU
		{D15E2484-D215-FB52-4D89-C01D479F742B}.Debug|Any CPU.Build.0 = Debug|Any CPU
		{D15E2484-D215-FB52-4D89-C01D479F742B}.Release|Any CPU.ActiveCfg = Release|Any CPU
		{D15E2484-D215-FB52-4D89-C01D479F742B}.Release|Any CPU.Build.0 = Release|Any CPU
		{85880F5D-1F63-D289-298E-3912DC33F339}.Debug|Any CPU.ActiveCfg = Debug|Any CPU
		{85880F5D-1F63-D289-298E-3912DC33F339}.Debug|Any CPU.Build.0 = Debug|Any CPU
		{85880F5D-1F63-D289-298E-3912DC33F339}.Release|Any CPU.ActiveCfg = Release|Any CPU
		{85880F5D-1F63-D289-298E-3912DC33F339}.Release|Any CPU.Build.0 = Release|Any CPU
		{F3873207-16ED-C037-79B7-AE5B38E5B2E0}.Debug|Any CPU.ActiveCfg = Debug|Any CPU
		{F3873207-16ED-C037-79B7-AE5B38E5B2E0}.Debug|Any CPU.Build.0 = Debug|Any CPU
		{F3873207-16ED-C037-79B7-AE5B38E5B2E0}.Release|Any CPU.ActiveCfg = Release|Any CPU
		{F3873207-16ED-C037-79B7-AE5B38E5B2E0}.Release|Any CPU.Build.0 = Release|Any CPU
		{1ACCCCE2-1FFB-38E6-742A-2C30B5970DAE}.Debug|Any CPU.ActiveCfg = Debug|Any CPU
		{1ACCCCE2-1FFB-38E6-742A-2C30B5970DAE}.Debug|Any CPU.Build.0 = Debug|Any CPU
		{1ACCCCE2-1FFB-38E6-742A-2C30B5970DAE}.Release|Any CPU.ActiveCfg = Release|Any CPU
		{1ACCCCE2-1FFB-38E6-742A-2C30B5970DAE}.Release|Any CPU.Build.0 = Release|Any CPU
		{6E955F98-B6CA-E8CC-965E-6875626D0834}.Debug|Any CPU.ActiveCfg = Debug|Any CPU
		{6E955F98-B6CA-E8CC-965E-6875626D0834}.Debug|Any CPU.Build.0 = Debug|Any CPU
		{6E955F98-B6CA-E8CC-965E-6875626D0834}.Release|Any CPU.ActiveCfg = Release|Any CPU
		{6E955F98-B6CA-E8CC-965E-6875626D0834}.Release|Any CPU.Build.0 = Release|Any CPU
		{BEAA3129-4807-9D2B-6092-8A8DF35A404D}.Debug|Any CPU.ActiveCfg = Debug|Any CPU
		{BEAA3129-4807-9D2B-6092-8A8DF35A404D}.Debug|Any CPU.Build.0 = Debug|Any CPU
		{BEAA3129-4807-9D2B-6092-8A8DF35A404D}.Release|Any CPU.ActiveCfg = Release|Any CPU
		{BEAA3129-4807-9D2B-6092-8A8DF35A404D}.Release|Any CPU.Build.0 = Release|Any CPU
		{AA992BD7-8A2D-122B-C286-3E93085BB75C}.Debug|Any CPU.ActiveCfg = Debug|Any CPU
		{AA992BD7-8A2D-122B-C286-3E93085BB75C}.Debug|Any CPU.Build.0 = Debug|Any CPU
		{AA992BD7-8A2D-122B-C286-3E93085BB75C}.Release|Any CPU.ActiveCfg = Release|Any CPU
		{AA992BD7-8A2D-122B-C286-3E93085BB75C}.Release|Any CPU.Build.0 = Release|Any CPU
		{098965C3-6651-1AA9-B571-81B6FA6A4C06}.Debug|Any CPU.ActiveCfg = Debug|Any CPU
		{098965C3-6651-1AA9-B571-81B6FA6A4C06}.Debug|Any CPU.Build.0 = Debug|Any CPU
		{098965C3-6651-1AA9-B571-81B6FA6A4C06}.Release|Any CPU.ActiveCfg = Release|Any CPU
		{098965C3-6651-1AA9-B571-81B6FA6A4C06}.Release|Any CPU.Build.0 = Release|Any CPU
		{A0EDA0C1-B28A-A155-6C08-E385A005EE48}.Debug|Any CPU.ActiveCfg = Debug|Any CPU
		{A0EDA0C1-B28A-A155-6C08-E385A005EE48}.Debug|Any CPU.Build.0 = Debug|Any CPU
		{A0EDA0C1-B28A-A155-6C08-E385A005EE48}.Release|Any CPU.ActiveCfg = Release|Any CPU
		{A0EDA0C1-B28A-A155-6C08-E385A005EE48}.Release|Any CPU.Build.0 = Release|Any CPU
		{7C67C62F-084D-40A6-9BE4-0BDECD4F602E}.Debug|Any CPU.ActiveCfg = Debug|Any CPU
		{7C67C62F-084D-40A6-9BE4-0BDECD4F602E}.Debug|Any CPU.Build.0 = Debug|Any CPU
		{7C67C62F-084D-40A6-9BE4-0BDECD4F602E}.Release|Any CPU.ActiveCfg = Release|Any CPU
		{7C67C62F-084D-40A6-9BE4-0BDECD4F602E}.Release|Any CPU.Build.0 = Release|Any CPU
		{AB1C27DF-EBCF-AB20-D74B-8D5B9BF68744}.Debug|Any CPU.ActiveCfg = Debug|Any CPU
		{AB1C27DF-EBCF-AB20-D74B-8D5B9BF68744}.Debug|Any CPU.Build.0 = Debug|Any CPU
		{AB1C27DF-EBCF-AB20-D74B-8D5B9BF68744}.Release|Any CPU.ActiveCfg = Release|Any CPU
		{AB1C27DF-EBCF-AB20-D74B-8D5B9BF68744}.Release|Any CPU.Build.0 = Release|Any CPU
		{0A0ECF73-6E16-1EF6-37B7-60029354EF40}.Debug|Any CPU.ActiveCfg = Debug|Any CPU
		{0A0ECF73-6E16-1EF6-37B7-60029354EF40}.Debug|Any CPU.Build.0 = Debug|Any CPU
		{0A0ECF73-6E16-1EF6-37B7-60029354EF40}.Release|Any CPU.ActiveCfg = Release|Any CPU
		{0A0ECF73-6E16-1EF6-37B7-60029354EF40}.Release|Any CPU.Build.0 = Release|Any CPU
		{B9A4C70B-B4D4-4314-7463-52EF53F4F4EA}.Debug|Any CPU.ActiveCfg = Debug|Any CPU
		{B9A4C70B-B4D4-4314-7463-52EF53F4F4EA}.Debug|Any CPU.Build.0 = Debug|Any CPU
		{B9A4C70B-B4D4-4314-7463-52EF53F4F4EA}.Release|Any CPU.ActiveCfg = Release|Any CPU
		{B9A4C70B-B4D4-4314-7463-52EF53F4F4EA}.Release|Any CPU.Build.0 = Release|Any CPU
		{5A83CABB-C986-B769-CD68-59DA90188B56}.Debug|Any CPU.ActiveCfg = Debug|Any CPU
		{5A83CABB-C986-B769-CD68-59DA90188B56}.Debug|Any CPU.Build.0 = Debug|Any CPU
		{5A83CABB-C986-B769-CD68-59DA90188B56}.Release|Any CPU.ActiveCfg = Release|Any CPU
		{5A83CABB-C986-B769-CD68-59DA90188B56}.Release|Any CPU.Build.0 = Release|Any CPU
		{467772A2-6C24-5183-9102-5DD300058776}.Debug|Any CPU.ActiveCfg = Debug|Any CPU
		{467772A2-6C24-5183-9102-5DD300058776}.Debug|Any CPU.Build.0 = Debug|Any CPU
		{467772A2-6C24-5183-9102-5DD300058776}.Release|Any CPU.ActiveCfg = Release|Any CPU
		{467772A2-6C24-5183-9102-5DD300058776}.Release|Any CPU.Build.0 = Release|Any CPU
		{7D64B57D-C73A-8F6A-EDE2-EA510E9BEE73}.Debug|Any CPU.ActiveCfg = Debug|Any CPU
		{7D64B57D-C73A-8F6A-EDE2-EA510E9BEE73}.Debug|Any CPU.Build.0 = Debug|Any CPU
		{7D64B57D-C73A-8F6A-EDE2-EA510E9BEE73}.Release|Any CPU.ActiveCfg = Release|Any CPU
		{7D64B57D-C73A-8F6A-EDE2-EA510E9BEE73}.Release|Any CPU.Build.0 = Release|Any CPU
		{C1F35EB8-BF06-1A38-8808-26571BBF1681}.Debug|Any CPU.ActiveCfg = Debug|Any CPU
		{C1F35EB8-BF06-1A38-8808-26571BBF1681}.Debug|Any CPU.Build.0 = Debug|Any CPU
		{C1F35EB8-BF06-1A38-8808-26571BBF1681}.Release|Any CPU.ActiveCfg = Release|Any CPU
		{C1F35EB8-BF06-1A38-8808-26571BBF1681}.Release|Any CPU.Build.0 = Release|Any CPU
		{767D3D17-794F-A9CD-3304-080FF0B34EC5}.Debug|Any CPU.ActiveCfg = Debug|Any CPU
		{767D3D17-794F-A9CD-3304-080FF0B34EC5}.Debug|Any CPU.Build.0 = Debug|Any CPU
		{767D3D17-794F-A9CD-3304-080FF0B34EC5}.Release|Any CPU.ActiveCfg = Release|Any CPU
		{767D3D17-794F-A9CD-3304-080FF0B34EC5}.Release|Any CPU.Build.0 = Release|Any CPU
		{7C8CEDAA-31B6-8B5B-1393-3289D9E24F9D}.Debug|Any CPU.ActiveCfg = Debug|Any CPU
		{7C8CEDAA-31B6-8B5B-1393-3289D9E24F9D}.Debug|Any CPU.Build.0 = Debug|Any CPU
		{7C8CEDAA-31B6-8B5B-1393-3289D9E24F9D}.Release|Any CPU.ActiveCfg = Release|Any CPU
		{7C8CEDAA-31B6-8B5B-1393-3289D9E24F9D}.Release|Any CPU.Build.0 = Release|Any CPU
		{C60FA5AB-9EFF-A106-9FB7-2C6AF37E5FC1}.Debug|Any CPU.ActiveCfg = Debug|Any CPU
		{C60FA5AB-9EFF-A106-9FB7-2C6AF37E5FC1}.Debug|Any CPU.Build.0 = Debug|Any CPU
		{C60FA5AB-9EFF-A106-9FB7-2C6AF37E5FC1}.Release|Any CPU.ActiveCfg = Release|Any CPU
		{C60FA5AB-9EFF-A106-9FB7-2C6AF37E5FC1}.Release|Any CPU.Build.0 = Release|Any CPU
		{9377DAA9-8CFD-CA0F-0DDC-FC5E28F10C6A}.Debug|Any CPU.ActiveCfg = Debug|Any CPU
		{9377DAA9-8CFD-CA0F-0DDC-FC5E28F10C6A}.Debug|Any CPU.Build.0 = Debug|Any CPU
		{9377DAA9-8CFD-CA0F-0DDC-FC5E28F10C6A}.Release|Any CPU.ActiveCfg = Release|Any CPU
		{9377DAA9-8CFD-CA0F-0DDC-FC5E28F10C6A}.Release|Any CPU.Build.0 = Release|Any CPU
		{8B4A5498-83EC-978E-466D-BDCC27B1A76F}.Debug|Any CPU.ActiveCfg = Debug|Any CPU
		{8B4A5498-83EC-978E-466D-BDCC27B1A76F}.Debug|Any CPU.Build.0 = Debug|Any CPU
		{8B4A5498-83EC-978E-466D-BDCC27B1A76F}.Release|Any CPU.ActiveCfg = Release|Any CPU
		{8B4A5498-83EC-978E-466D-BDCC27B1A76F}.Release|Any CPU.Build.0 = Release|Any CPU
		{DC453071-DB6A-166A-FB1C-5016FA1E096B}.Debug|Any CPU.ActiveCfg = Debug|Any CPU
		{DC453071-DB6A-166A-FB1C-5016FA1E096B}.Debug|Any CPU.Build.0 = Debug|Any CPU
		{DC453071-DB6A-166A-FB1C-5016FA1E096B}.Release|Any CPU.ActiveCfg = Release|Any CPU
		{DC453071-DB6A-166A-FB1C-5016FA1E096B}.Release|Any CPU.Build.0 = Release|Any CPU
		{2D8B121B-DDF6-9D9B-C92A-B1DB2430329B}.Debug|Any CPU.ActiveCfg = Debug|Any CPU
		{2D8B121B-DDF6-9D9B-C92A-B1DB2430329B}.Debug|Any CPU.Build.0 = Debug|Any CPU
		{2D8B121B-DDF6-9D9B-C92A-B1DB2430329B}.Release|Any CPU.ActiveCfg = Release|Any CPU
		{2D8B121B-DDF6-9D9B-C92A-B1DB2430329B}.Release|Any CPU.Build.0 = Release|Any CPU
	EndGlobalSection
	GlobalSection(SolutionProperties) = preSolution
		HideSolutionNode = FALSE
	EndGlobalSection
EndGlobal
